
Microsoft Visual Studio Solution File, Format Version 12.00
# Visual Studio Version 17
VisualStudioVersion = 17.3.32901.215
MinimumVisualStudioVersion = 10.0.40219.1
Project("{FAE04EC0-301F-11D3-BF4B-00C04F79EFBC}") = "WebApplication1", "WebApplication1\WebApplication1.csproj", "{D41D9E7A-575F-4FE1-9508-4B12E046F9CB}"
EndProject
Global
	GlobalSection(SolutionConfigurationPlatforms) = preSolution
		Debug|Any CPU = Debug|Any CPU
		Release|Any CPU = Release|Any CPU
	EndGlobalSection
	GlobalSection(ProjectConfigurationPlatforms) = postSolution
		{D41D9E7A-575F-4FE1-9508-4B12E046F9CB}.Debug|Any CPU.ActiveCfg = Debug|Any CPU
		{D41D9E7A-575F-4FE1-9508-4B12E046F9CB}.Debug|Any CPU.Build.0 = Debug|Any CPU
		{D41D9E7A-575F-4FE1-9508-4B12E046F9CB}.Release|Any CPU.ActiveCfg = Release|Any CPU
		{D41D9E7A-575F-4FE1-9508-4B12E046F9CB}.Release|Any CPU.Build.0 = Release|Any CPU
	EndGlobalSection
	GlobalSection(SolutionProperties) = preSolution
		HideSolutionNode = FALSE
	EndGlobalSection
	GlobalSection(ExtensibilityGlobals) = postSolution
		SolutionGuid = {78210031-5452-4A56-9079-BEAE8CD2F044}
	EndGlobalSection
EndGlobal
